// !$*UTF8*$!
{
	archiveVersion = 1;
	classes = {
	};
	objectVersion = 50;
	objects = {

/* Begin PBXBuildFile section */
		15A8D2DD2536D91D00D11DE1 /* AppDelegate.swift in Sources */ = {isa = PBXBuildFile; fileRef = 15A8D2DC2536D91D00D11DE1 /* AppDelegate.swift */; };
		15A8D2DF2536D91D00D11DE1 /* SceneDelegate.swift in Sources */ = {isa = PBXBuildFile; fileRef = 15A8D2DE2536D91D00D11DE1 /* SceneDelegate.swift */; };
		15A8D2E12536D91D00D11DE1 /* ViewController.swift in Sources */ = {isa = PBXBuildFile; fileRef = 15A8D2E02536D91D00D11DE1 /* ViewController.swift */; };
		15A8D2E42536D91D00D11DE1 /* Main.storyboard in Resources */ = {isa = PBXBuildFile; fileRef = 15A8D2E22536D91D00D11DE1 /* Main.storyboard */; };
		15A8D2E62536D92200D11DE1 /* Assets.xcassets in Resources */ = {isa = PBXBuildFile; fileRef = 15A8D2E52536D92200D11DE1 /* Assets.xcassets */; };
		15A8D2E92536D92200D11DE1 /* LaunchScreen.storyboard in Resources */ = {isa = PBXBuildFile; fileRef = 15A8D2E72536D92200D11DE1 /* LaunchScreen.storyboard */; };
		15A8D2F42536D92200D11DE1 /* instagramTests.swift in Sources */ = {isa = PBXBuildFile; fileRef = 15A8D2F32536D92200D11DE1 /* instagramTests.swift */; };
		15A8D2FF2536D92200D11DE1 /* instagramUITests.swift in Sources */ = {isa = PBXBuildFile; fileRef = 15A8D2FE2536D92200D11DE1 /* instagramUITests.swift */; };
/* End PBXBuildFile section */

/* Begin PBXContainerItemProxy section */
		15A8D2F02536D92200D11DE1 /* PBXContainerItemProxy */ = {
			isa = PBXContainerItemProxy;
			containerPortal = 15A8D2D12536D91D00D11DE1 /* Project object */;
			proxyType = 1;
			remoteGlobalIDString = 15A8D2D82536D91D00D11DE1;
			remoteInfo = instagram;
		};
		15A8D2FB2536D92200D11DE1 /* PBXContainerItemProxy */ = {
			isa = PBXContainerItemProxy;
			containerPortal = 15A8D2D12536D91D00D11DE1 /* Project object */;
			proxyType = 1;
			remoteGlobalIDString = 15A8D2D82536D91D00D11DE1;
			remoteInfo = instagram;
		};
/* End PBXContainerItemProxy section */

/* Begin PBXFileReference section */
		15A8D2D92536D91D00D11DE1 /* instagram.app */ = {isa = PBXFileReference; explicitFileType = wrapper.application; includeInIndex = 0; path = instagram.app; sourceTree = BUILT_PRODUCTS_DIR; };
		15A8D2DC2536D91D00D11DE1 /* AppDelegate.swift */ = {isa = PBXFileReference; lastKnownFileType = sourcecode.swift; path = AppDelegate.swift; sourceTree = "<group>"; };
		15A8D2DE2536D91D00D11DE1 /* SceneDelegate.swift */ = {isa = PBXFileReference; lastKnownFileType = sourcecode.swift; path = SceneDelegate.swift; sourceTree = "<group>"; };
		15A8D2E02536D91D00D11DE1 /* ViewController.swift */ = {isa = PBXFileReference; lastKnownFileType = sourcecode.swift; path = ViewController.swift; sourceTree = "<group>"; };
		15A8D2E32536D91D00D11DE1 /* Base */ = {isa = PBXFileReference; lastKnownFileType = file.storyboard; name = Base; path = Base.lproj/Main.storyboard; sourceTree = "<group>"; };
		15A8D2E52536D92200D11DE1 /* Assets.xcassets */ = {isa = PBXFileReference; lastKnownFileType = folder.assetcatalog; path = Assets.xcassets; sourceTree = "<group>"; };
		15A8D2E82536D92200D11DE1 /* Base */ = {isa = PBXFileReference; lastKnownFileType = file.storyboard; name = Base; path = Base.lproj/LaunchScreen.storyboard; sourceTree = "<group>"; };
		15A8D2EA2536D92200D11DE1 /* Info.plist */ = {isa = PBXFileReference; lastKnownFileType = text.plist.xml; path = Info.plist; sourceTree = "<group>"; };
		15A8D2EF2536D92200D11DE1 /* instagramTests.xctest */ = {isa = PBXFileReference; explicitFileType = wrapper.cfbundle; includeInIndex = 0; path = instagramTests.xctest; sourceTree = BUILT_PRODUCTS_DIR; };
		15A8D2F32536D92200D11DE1 /* instagramTests.swift */ = {isa = PBXFileReference; lastKnownFileType = sourcecode.swift; path = instagramTests.swift; sourceTree = "<group>"; };
		15A8D2F52536D92200D11DE1 /* Info.plist */ = {isa = PBXFileReference; lastKnownFileType = text.plist.xml; path = Info.plist; sourceTree = "<group>"; };
		15A8D2FA2536D92200D11DE1 /* instagramUITests.xctest */ = {isa = PBXFileReference; explicitFileType = wrapper.cfbundle; includeInIndex = 0; path = instagramUITests.xctest; sourceTree = BUILT_PRODUCTS_DIR; };
		15A8D2FE2536D92200D11DE1 /* instagramUITests.swift */ = {isa = PBXFileReference; lastKnownFileType = sourcecode.swift; path = instagramUITests.swift; sourceTree = "<group>"; };
		15A8D3002536D92200D11DE1 /* Info.plist */ = {isa = PBXFileReference; lastKnownFileType = text.plist.xml; path = Info.plist; sourceTree = "<group>"; };
/* End PBXFileReference section */

/* Begin PBXFrameworksBuildPhase section */
		15A8D2D62536D91D00D11DE1 /* Frameworks */ = {
			isa = PBXFrameworksBuildPhase;
			buildActionMask = 2147483647;
			files = (
			);
			runOnlyForDeploymentPostprocessing = 0;
		};
		15A8D2EC2536D92200D11DE1 /* Frameworks */ = {
			isa = PBXFrameworksBuildPhase;
			buildActionMask = 2147483647;
			files = (
			);
			runOnlyForDeploymentPostprocessing = 0;
		};
		15A8D2F72536D92200D11DE1 /* Frameworks */ = {
			isa = PBXFrameworksBuildPhase;
			buildActionMask = 2147483647;
			files = (
			);
			runOnlyForDeploymentPostprocessing = 0;
		};
/* End PBXFrameworksBuildPhase section */

/* Begin PBXGroup section */
		15A8D2D02536D91D00D11DE1 = {
			isa = PBXGroup;
			children = (
				15A8D2DB2536D91D00D11DE1 /* instagram */,
				15A8D2F22536D92200D11DE1 /* instagramTests */,
				15A8D2FD2536D92200D11DE1 /* instagramUITests */,
				15A8D2DA2536D91D00D11DE1 /* Products */,
			);
			sourceTree = "<group>";
		};
		15A8D2DA2536D91D00D11DE1 /* Products */ = {
			isa = PBXGroup;
			children = (
				15A8D2D92536D91D00D11DE1 /* instagram.app */,
				15A8D2EF2536D92200D11DE1 /* instagramTests.xctest */,
				15A8D2FA2536D92200D11DE1 /* instagramUITests.xctest */,
			);
			name = Products;
			sourceTree = "<group>";
		};
		15A8D2DB2536D91D00D11DE1 /* instagram */ = {
			isa = PBXGroup;
			children = (
				15A8D2DC2536D91D00D11DE1 /* AppDelegate.swift */,
				15A8D2DE2536D91D00D11DE1 /* SceneDelegate.swift */,
				15A8D2E02536D91D00D11DE1 /* ViewController.swift */,
				15A8D2E22536D91D00D11DE1 /* Main.storyboard */,
				15A8D2E52536D92200D11DE1 /* Assets.xcassets */,
				15A8D2E72536D92200D11DE1 /* LaunchScreen.storyboard */,
				15A8D2EA2536D92200D11DE1 /* Info.plist */,
			);
			path = instagram;
			sourceTree = "<group>";
		};
		15A8D2F22536D92200D11DE1 /* instagramTests */ = {
			isa = PBXGroup;
			children = (
				15A8D2F32536D92200D11DE1 /* instagramTests.swift */,
				15A8D2F52536D92200D11DE1 /* Info.plist */,
			);
			path = instagramTests;
			sourceTree = "<group>";
		};
		15A8D2FD2536D92200D11DE1 /* instagramUITests */ = {
			isa = PBXGroup;
			children = (
				15A8D2FE2536D92200D11DE1 /* instagramUITests.swift */,
				15A8D3002536D92200D11DE1 /* Info.plist */,
			);
			path = instagramUITests;
			sourceTree = "<group>";
		};
/* End PBXGroup section */

/* Begin PBXNativeTarget section */
		15A8D2D82536D91D00D11DE1 /* instagram */ = {
			isa = PBXNativeTarget;
			buildConfigurationList = 15A8D3032536D92200D11DE1 /* Build configuration list for PBXNativeTarget "instagram" */;
			buildPhases = (
				15A8D2D52536D91D00D11DE1 /* Sources */,
				15A8D2D62536D91D00D11DE1 /* Frameworks */,
				15A8D2D72536D91D00D11DE1 /* Resources */,
			);
			buildRules = (
			);
			dependencies = (
			);
			name = instagram;
			productName = instagram;
			productReference = 15A8D2D92536D91D00D11DE1 /* instagram.app */;
			productType = "com.apple.product-type.application";
		};
		15A8D2EE2536D92200D11DE1 /* instagramTests */ = {
			isa = PBXNativeTarget;
			buildConfigurationList = 15A8D3062536D92200D11DE1 /* Build configuration list for PBXNativeTarget "instagramTests" */;
			buildPhases = (
				15A8D2EB2536D92200D11DE1 /* Sources */,
				15A8D2EC2536D92200D11DE1 /* Frameworks */,
				15A8D2ED2536D92200D11DE1 /* Resources */,
			);
			buildRules = (
			);
			dependencies = (
				15A8D2F12536D92200D11DE1 /* PBXTargetDependency */,
			);
			name = instagramTests;
			productName = instagramTests;
			productReference = 15A8D2EF2536D92200D11DE1 /* instagramTests.xctest */;
			productType = "com.apple.product-type.bundle.unit-test";
		};
		15A8D2F92536D92200D11DE1 /* instagramUITests */ = {
			isa = PBXNativeTarget;
			buildConfigurationList = 15A8D3092536D92200D11DE1 /* Build configuration list for PBXNativeTarget "instagramUITests" */;
			buildPhases = (
				15A8D2F62536D92200D11DE1 /* Sources */,
				15A8D2F72536D92200D11DE1 /* Frameworks */,
				15A8D2F82536D92200D11DE1 /* Resources */,
			);
			buildRules = (
			);
			dependencies = (
				15A8D2FC2536D92200D11DE1 /* PBXTargetDependency */,
			);
			name = instagramUITests;
			productName = instagramUITests;
			productReference = 15A8D2FA2536D92200D11DE1 /* instagramUITests.xctest */;
			productType = "com.apple.product-type.bundle.ui-testing";
		};
/* End PBXNativeTarget section */

/* Begin PBXProject section */
		15A8D2D12536D91D00D11DE1 /* Project object */ = {
			isa = PBXProject;
			attributes = {
				LastSwiftUpdateCheck = 1200;
				LastUpgradeCheck = 1200;
				TargetAttributes = {
					15A8D2D82536D91D00D11DE1 = {
						CreatedOnToolsVersion = 12.0;
					};
					15A8D2EE2536D92200D11DE1 = {
						CreatedOnToolsVersion = 12.0;
						TestTargetID = 15A8D2D82536D91D00D11DE1;
					};
					15A8D2F92536D92200D11DE1 = {
						CreatedOnToolsVersion = 12.0;
						TestTargetID = 15A8D2D82536D91D00D11DE1;
					};
				};
			};
			buildConfigurationList = 15A8D2D42536D91D00D11DE1 /* Build configuration list for PBXProject "instagram" */;
			compatibilityVersion = "Xcode 9.3";
			developmentRegion = en;
			hasScannedForEncodings = 0;
			knownRegions = (
				en,
				Base,
			);
			mainGroup = 15A8D2D02536D91D00D11DE1;
			productRefGroup = 15A8D2DA2536D91D00D11DE1 /* Products */;
			projectDirPath = "";
			projectRoot = "";
			targets = (
				15A8D2D82536D91D00D11DE1 /* instagram */,
				15A8D2EE2536D92200D11DE1 /* instagramTests */,
				15A8D2F92536D92200D11DE1 /* instagramUITests */,
			);
		};
/* End PBXProject section */

/* Begin PBXResourcesBuildPhase section */
		15A8D2D72536D91D00D11DE1 /* Resources */ = {
			isa = PBXResourcesBuildPhase;
			buildActionMask = 2147483647;
			files = (
				15A8D2E92536D92200D11DE1 /* LaunchScreen.storyboard in Resources */,
				15A8D2E62536D92200D11DE1 /* Assets.xcassets in Resources */,
				15A8D2E42536D91D00D11DE1 /* Main.storyboard in Resources */,
			);
			runOnlyForDeploymentPostprocessing = 0;
		};
		15A8D2ED2536D92200D11DE1 /* Resources */ = {
			isa = PBXResourcesBuildPhase;
			buildActionMask = 2147483647;
			files = (
			);
			runOnlyForDeploymentPostprocessing = 0;
		};
		15A8D2F82536D92200D11DE1 /* Resources */ = {
			isa = PBXResourcesBuildPhase;
			buildActionMask = 2147483647;
			files = (
			);
			runOnlyForDeploymentPostprocessing = 0;
		};
/* End PBXResourcesBuildPhase section */

/* Begin PBXSourcesBuildPhase section */
		15A8D2D52536D91D00D11DE1 /* Sources */ = {
			isa = PBXSourcesBuildPhase;
			buildActionMask = 2147483647;
			files = (
				15A8D2E12536D91D00D11DE1 /* ViewController.swift in Sources */,
				15A8D2DD2536D91D00D11DE1 /* AppDelegate.swift in Sources */,
				15A8D2DF2536D91D00D11DE1 /* SceneDelegate.swift in Sources */,
			);
			runOnlyForDeploymentPostprocessing = 0;
		};
		15A8D2EB2536D92200D11DE1 /* Sources */ = {
			isa = PBXSourcesBuildPhase;
			buildActionMask = 2147483647;
			files = (
				15A8D2F42536D92200D11DE1 /* instagramTests.swift in Sources */,
			);
			runOnlyForDeploymentPostprocessing = 0;
		};
		15A8D2F62536D92200D11DE1 /* Sources */ = {
			isa = PBXSourcesBuildPhase;
			buildActionMask = 2147483647;
			files = (
				15A8D2FF2536D92200D11DE1 /* instagramUITests.swift in Sources */,
			);
			runOnlyForDeploymentPostprocessing = 0;
		};
/* End PBXSourcesBuildPhase section */

/* Begin PBXTargetDependency section */
		15A8D2F12536D92200D11DE1 /* PBXTargetDependency */ = {
			isa = PBXTargetDependency;
			target = 15A8D2D82536D91D00D11DE1 /* instagram */;
			targetProxy = 15A8D2F02536D92200D11DE1 /* PBXContainerItemProxy */;
		};
		15A8D2FC2536D92200D11DE1 /* PBXTargetDependency */ = {
			isa = PBXTargetDependency;
			target = 15A8D2D82536D91D00D11DE1 /* instagram */;
			targetProxy = 15A8D2FB2536D92200D11DE1 /* PBXContainerItemProxy */;
		};
/* End PBXTargetDependency section */

/* Begin PBXVariantGroup section */
		15A8D2E22536D91D00D11DE1 /* Main.storyboard */ = {
			isa = PBXVariantGroup;
			children = (
				15A8D2E32536D91D00D11DE1 /* Base */,
			);
			name = Main.storyboard;
			sourceTree = "<group>";
		};
		15A8D2E72536D92200D11DE1 /* LaunchScreen.storyboard */ = {
			isa = PBXVariantGroup;
			children = (
				15A8D2E82536D92200D11DE1 /* Base */,
			);
			name = LaunchScreen.storyboard;
			sourceTree = "<group>";
		};
/* End PBXVariantGroup section */

/* Begin XCBuildConfiguration section */
		15A8D3012536D92200D11DE1 /* Debug */ = {
			isa = XCBuildConfiguration;
			buildSettings = {
				ALWAYS_SEARCH_USER_PATHS = NO;
				CLANG_ANALYZER_NONNULL = YES;
				CLANG_ANALYZER_NUMBER_OBJECT_CONVERSION = YES_AGGRESSIVE;
				CLANG_CXX_LANGUAGE_STANDARD = "gnu++14";
				CLANG_CXX_LIBRARY = "libc++";
				CLANG_ENABLE_MODULES = YES;
				CLANG_ENABLE_OBJC_ARC = YES;
				CLANG_ENABLE_OBJC_WEAK = YES;
				CLANG_WARN_BLOCK_CAPTURE_AUTORELEASING = YES;
				CLANG_WARN_BOOL_CONVERSION = YES;
				CLANG_WARN_COMMA = YES;
				CLANG_WARN_CONSTANT_CONVERSION = YES;
				CLANG_WARN_DEPRECATED_OBJC_IMPLEMENTATIONS = YES;
				CLANG_WARN_DIRECT_OBJC_ISA_USAGE = YES_ERROR;
				CLANG_WARN_DOCUMENTATION_COMMENTS = YES;
				CLANG_WARN_EMPTY_BODY = YES;
				CLANG_WARN_ENUM_CONVERSION = YES;
				CLANG_WARN_INFINITE_RECURSION = YES;
				CLANG_WARN_INT_CONVERSION = YES;
				CLANG_WARN_NON_LITERAL_NULL_CONVERSION = YES;
				CLANG_WARN_OBJC_IMPLICIT_RETAIN_SELF = YES;
				CLANG_WARN_OBJC_LITERAL_CONVERSION = YES;
				CLANG_WARN_OBJC_ROOT_CLASS = YES_ERROR;
				CLANG_WARN_QUOTED_INCLUDE_IN_FRAMEWORK_HEADER = YES;
				CLANG_WARN_RANGE_LOOP_ANALYSIS = YES;
				CLANG_WARN_STRICT_PROTOTYPES = YES;
				CLANG_WARN_SUSPICIOUS_MOVE = YES;
				CLANG_WARN_UNGUARDED_AVAILABILITY = YES_AGGRESSIVE;
				CLANG_WARN_UNREACHABLE_CODE = YES;
				CLANG_WARN__DUPLICATE_METHOD_MATCH = YES;
				COPY_PHASE_STRIP = NO;
				DEBUG_INFORMATION_FORMAT = dwarf;
				ENABLE_STRICT_OBJC_MSGSEND = YES;
				ENABLE_TESTABILITY = YES;
				GCC_C_LANGUAGE_STANDARD = gnu11;
				GCC_DYNAMIC_NO_PIC = NO;
				GCC_NO_COMMON_BLOCKS = YES;
				GCC_OPTIMIZATION_LEVEL = 0;
				GCC_PREPROCESSOR_DEFINITIONS = (
					"DEBUG=1",
					"$(inherited)",
				);
				GCC_WARN_64_TO_32_BIT_CONVERSION = YES;
				GCC_WARN_ABOUT_RETURN_TYPE = YES_ERROR;
				GCC_WARN_UNDECLARED_SELECTOR = YES;
				GCC_WARN_UNINITIALIZED_AUTOS = YES_AGGRESSIVE;
				GCC_WARN_UNUSED_FUNCTION = YES;
				GCC_WARN_UNUSED_VARIABLE = YES;
				IPHONEOS_DEPLOYMENT_TARGET = 14.0;
				MTL_ENABLE_DEBUG_INFO = INCLUDE_SOURCE;
				MTL_FAST_MATH = YES;
				ONLY_ACTIVE_ARCH = YES;
				SDKROOT = iphoneos;
				SWIFT_ACTIVE_COMPILATION_CONDITIONS = DEBUG;
				SWIFT_OPTIMIZATION_LEVEL = "-Onone";
			};
			name = Debug;
		};
		15A8D3022536D92200D11DE1 /* Release */ = {
			isa = XCBuildConfiguration;
			buildSettings = {
				ALWAYS_SEARCH_USER_PATHS = NO;
				CLANG_ANALYZER_NONNULL = YES;
				CLANG_ANALYZER_NUMBER_OBJECT_CONVERSION = YES_AGGRESSIVE;
				CLANG_CXX_LANGUAGE_STANDARD = "gnu++14";
				CLANG_CXX_LIBRARY = "libc++";
				CLANG_ENABLE_MODULES = YES;
				CLANG_ENABLE_OBJC_ARC = YES;
				CLANG_ENABLE_OBJC_WEAK = YES;
				CLANG_WARN_BLOCK_CAPTURE_AUTORELEASING = YES;
				CLANG_WARN_BOOL_CONVERSION = YES;
				CLANG_WARN_COMMA = YES;
				CLANG_WARN_CONSTANT_CONVERSION = YES;
				CLANG_WARN_DEPRECATED_OBJC_IMPLEMENTATIONS = YES;
				CLANG_WARN_DIRECT_OBJC_ISA_USAGE = YES_ERROR;
				CLANG_WARN_DOCUMENTATION_COMMENTS = YES;
				CLANG_WARN_EMPTY_BODY = YES;
				CLANG_WARN_ENUM_CONVERSION = YES;
				CLANG_WARN_INFINITE_RECURSION = YES;
				CLANG_WARN_INT_CONVERSION = YES;
				CLANG_WARN_NON_LITERAL_NULL_CONVERSION = YES;
				CLANG_WARN_OBJC_IMPLICIT_RETAIN_SELF = YES;
				CLANG_WARN_OBJC_LITERAL_CONVERSION = YES;
				CLANG_WARN_OBJC_ROOT_CLASS = YES_ERROR;
				CLANG_WARN_QUOTED_INCLUDE_IN_FRAMEWORK_HEADER = YES;
				CLANG_WARN_RANGE_LOOP_ANALYSIS = YES;
				CLANG_WARN_STRICT_PROTOTYPES = YES;
				CLANG_WARN_SUSPICIOUS_MOVE = YES;
				CLANG_WARN_UNGUARDED_AVAILABILITY = YES_AGGRESSIVE;
				CLANG_WARN_UNREACHABLE_CODE = YES;
				CLANG_WARN__DUPLICATE_METHOD_MATCH = YES;
				COPY_PHASE_STRIP = NO;
				DEBUG_INFORMATION_FORMAT = "dwarf-with-dsym";
				ENABLE_NS_ASSERTIONS = NO;
				ENABLE_STRICT_OBJC_MSGSEND = YES;
				GCC_C_LANGUAGE_STANDARD = gnu11;
				GCC_NO_COMMON_BLOCKS = YES;
				GCC_WARN_64_TO_32_BIT_CONVERSION = YES;
				GCC_WARN_ABOUT_RETURN_TYPE = YES_ERROR;
				GCC_WARN_UNDECLARED_SELECTOR = YES;
				GCC_WARN_UNINITIALIZED_AUTOS = YES_AGGRESSIVE;
				GCC_WARN_UNUSED_FUNCTION = YES;
				GCC_WARN_UNUSED_VARIABLE = YES;
				IPHONEOS_DEPLOYMENT_TARGET = 14.0;
				MTL_ENABLE_DEBUG_INFO = NO;
				MTL_FAST_MATH = YES;
				SDKROOT = iphoneos;
				SWIFT_COMPILATION_MODE = wholemodule;
				SWIFT_OPTIMIZATION_LEVEL = "-O";
				VALIDATE_PRODUCT = YES;
			};
			name = Release;
		};
		15A8D3042536D92200D11DE1 /* Debug */ = {
			isa = XCBuildConfiguration;
			buildSettings = {
				ASSETCATALOG_COMPILER_APPICON_NAME = AppIcon;
				ASSETCATALOG_COMPILER_GLOBAL_ACCENT_COLOR_NAME = AccentColor;
				CODE_SIGN_STYLE = Automatic;
				INFOPLIST_FILE = instagram/Info.plist;
				LD_RUNPATH_SEARCH_PATHS = (
					"$(inherited)",
					"@executable_path/Frameworks",
				);
				PRODUCT_BUNDLE_IDENTIFIER = MC.instagram;
				PRODUCT_NAME = "$(TARGET_NAME)";
				SWIFT_VERSION = 5.0;
				TARGETED_DEVICE_FAMILY = "1,2";
			};
			name = Debug;
		};
		15A8D3052536D92200D11DE1 /* Release */ = {
			isa = XCBuildConfiguration;
			buildSettings = {
				ASSETCATALOG_COMPILER_APPICON_NAME = AppIcon;
				ASSETCATALOG_COMPILER_GLOBAL_ACCENT_COLOR_NAME = AccentColor;
				CODE_SIGN_STYLE = Automatic;
				INFOPLIST_FILE = instagram/Info.plist;
				LD_RUNPATH_SEARCH_PATHS = (
					"$(inherited)",
					"@executable_path/Frameworks",
				);
				PRODUCT_BUNDLE_IDENTIFIER = MC.instagram;
				PRODUCT_NAME = "$(TARGET_NAME)";
				SWIFT_VERSION = 5.0;
				TARGETED_DEVICE_FAMILY = "1,2";
			};
			name = Release;
		};
		15A8D3072536D92200D11DE1 /* Debug */ = {
			isa = XCBuildConfiguration;
			buildSettings = {
				ALWAYS_EMBED_SWIFT_STANDARD_LIBRARIES = YES;
				BUNDLE_LOADER = "$(TEST_HOST)";
				CODE_SIGN_STYLE = Automatic;
				INFOPLIST_FILE = instagramTests/Info.plist;
				IPHONEOS_DEPLOYMENT_TARGET = 14.0;
				LD_RUNPATH_SEARCH_PATHS = (
					"$(inherited)",
					"@executable_path/Frameworks",
					"@loader_path/Frameworks",
				);
				PRODUCT_BUNDLE_IDENTIFIER = MC.instagramTests;
				PRODUCT_NAME = "$(TARGET_NAME)";
				SWIFT_VERSION = 5.0;
				TARGETED_DEVICE_FAMILY = "1,2";
				TEST_HOST = "$(BUILT_PRODUCTS_DIR)/instagram.app/instagram";
			};
			name = Debug;
		};
		15A8D3082536D92200D11DE1 /* Release */ = {
			isa = XCBuildConfiguration;
			buildSettings = {
				ALWAYS_EMBED_SWIFT_STANDARD_LIBRARIES = YES;
				BUNDLE_LOADER = "$(TEST_HOST)";
				CODE_SIGN_STYLE = Automatic;
				INFOPLIST_FILE = instagramTests/Info.plist;
				IPHONEOS_DEPLOYMENT_TARGET = 14.0;
				LD_RUNPATH_SEARCH_PATHS = (
					"$(inherited)",
					"@executable_path/Frameworks",
					"@loader_path/Frameworks",
				);
				PRODUCT_BUNDLE_IDENTIFIER = MC.instagramTests;
				PRODUCT_NAME = "$(TARGET_NAME)";
				SWIFT_VERSION = 5.0;
				TARGETED_DEVICE_FAMILY = "1,2";
				TEST_HOST = "$(BUILT_PRODUCTS_DIR)/instagram.app/instagram";
			};
			name = Release;
		};
		15A8D30A2536D92200D11DE1 /* Debug */ = {
			isa = XCBuildConfiguration;
			buildSettings = {
				ALWAYS_EMBED_SWIFT_STANDARD_LIBRARIES = YES;
				CODE_SIGN_STYLE = Automatic;
				INFOPLIST_FILE = instagramUITests/Info.plist;
				LD_RUNPATH_SEARCH_PATHS = (
					"$(inherited)",
					"@executable_path/Frameworks",
					"@loader_path/Frameworks",
				);
				PRODUCT_BUNDLE_IDENTIFIER = MC.instagramUITests;
				PRODUCT_NAME = "$(TARGET_NAME)";
				SWIFT_VERSION = 5.0;
				TARGETED_DEVICE_FAMILY = "1,2";
				TEST_TARGET_NAME = instagram;
			};
			name = Debug;
		};
		15A8D30B2536D92200D11DE1 /* Release */ = {
			isa = XCBuildConfiguration;
			buildSettings = {
				ALWAYS_EMBED_SWIFT_STANDARD_LIBRARIES = YES;
				CODE_SIGN_STYLE = Automatic;
				INFOPLIST_FILE = instagramUITests/Info.plist;
				LD_RUNPATH_SEARCH_PATHS = (
					"$(inherited)",
					"@executable_path/Frameworks",
					"@loader_path/Frameworks",
				);
				PRODUCT_BUNDLE_IDENTIFIER = MC.instagramUITests;
				PRODUCT_NAME = "$(TARGET_NAME)";
				SWIFT_VERSION = 5.0;
				TARGETED_DEVICE_FAMILY = "1,2";
				TEST_TARGET_NAME = instagram;
			};
			name = Release;
		};
/* End XCBuildConfiguration section */

/* Begin XCConfigurationList section */
		15A8D2D42536D91D00D11DE1 /* Build configuration list for PBXProject "instagram" */ = {
			isa = XCConfigurationList;
			buildConfigurations = (
				15A8D3012536D92200D11DE1 /* Debug */,
				15A8D3022536D92200D11DE1 /* Release */,
			);
			defaultConfigurationIsVisible = 0;
			defaultConfigurationName = Release;
		};
		15A8D3032536D92200D11DE1 /* Build configuration list for PBXNativeTarget "instagram" */ = {
			isa = XCConfigurationList;
			buildConfigurations = (
				15A8D3042536D92200D11DE1 /* Debug */,
				15A8D3052536D92200D11DE1 /* Release */,
			);
			defaultConfigurationIsVisible = 0;
			defaultConfigurationName = Release;
		};
		15A8D3062536D92200D11DE1 /* Build configuration list for PBXNativeTarget "instagramTests" */ = {
			isa = XCConfigurationList;
			buildConfigurations = (
				15A8D3072536D92200D11DE1 /* Debug */,
				15A8D3082536D92200D11DE1 /* Release */,
			);
			defaultConfigurationIsVisible = 0;
			defaultConfigurationName = Release;
		};
		15A8D3092536D92200D11DE1 /* Build configuration list for PBXNativeTarget "instagramUITests" */ = {
			isa = XCConfigurationList;
			buildConfigurations = (
				15A8D30A2536D92200D11DE1 /* Debug */,
				15A8D30B2536D92200D11DE1 /* Release */,
			);
			defaultConfigurationIsVisible = 0;
			defaultConfigurationName = Release;
		};
/* End XCConfigurationList section */
	};
	rootObject = 15A8D2D12536D91D00D11DE1 /* Project object */;
}
